
Microsoft Visual Studio Solution File, Format Version 12.00
# Visual Studio 14
VisualStudioVersion = 14.0.25123.0
MinimumVisualStudioVersion = 10.0.40219.1
Project("{FAE04EC0-301F-11D3-BF4B-00C04F79EFBC}") = "Vcard", "Vcard\Vcard.csproj", "{B109ACBD-A9B5-4C8B-BE37-2805BDEC63E9}"
EndProject
Project("{FAE04EC0-301F-11D3-BF4B-00C04F79EFBC}") = "SiteEngine", "SiteEngine\SiteEngine.csproj", "{51FA1655-797E-4D0F-8214-3144FCBE0007}"
EndProject
Global
	GlobalSection(SolutionConfigurationPlatforms) = preSolution
		Debug|Any CPU = Debug|Any CPU
		Release|Any CPU = Release|Any CPU
	EndGlobalSection
	GlobalSection(ProjectConfigurationPlatforms) = postSolution
		{B109ACBD-A9B5-4C8B-BE37-2805BDEC63E9}.Debug|Any CPU.ActiveCfg = Debug|Any CPU
		{B109ACBD-A9B5-4C8B-BE37-2805BDEC63E9}.Debug|Any CPU.Build.0 = Debug|Any CPU
		{B109ACBD-A9B5-4C8B-BE37-2805BDEC63E9}.Release|Any CPU.ActiveCfg = Release|Any CPU
		{B109ACBD-A9B5-4C8B-BE37-2805BDEC63E9}.Release|Any CPU.Build.0 = Release|Any CPU
		{51FA1655-797E-4D0F-8214-3144FCBE0007}.Debug|Any CPU.ActiveCfg = Debug|Any CPU
		{51FA1655-797E-4D0F-8214-3144FCBE0007}.Debug|Any CPU.Build.0 = Debug|Any CPU
		{51FA1655-797E-4D0F-8214-3144FCBE0007}.Release|Any CPU.ActiveCfg = Release|Any CPU
		{51FA1655-797E-4D0F-8214-3144FCBE0007}.Release|Any CPU.Build.0 = Release|Any CPU
	EndGlobalSection
	GlobalSection(SolutionProperties) = preSolution
		HideSolutionNode = FALSE
	EndGlobalSection
EndGlobal
